
Microsoft Visual Studio Solution File, Format Version 12.00
# Visual Studio Version 17
VisualStudioVersion = 17.0.31919.166
MinimumVisualStudioVersion = 10.0.40219.1
Project("{FAE04EC0-301F-11D3-BF4B-00C04F79EFBC}") = "Linked list tail", "Linked list tail\Linked list tail.csproj", "{40E1EDD3-0A68-43D4-B163-64DC2B7E2238}"
EndProject
Project("{FAE04EC0-301F-11D3-BF4B-00C04F79EFBC}") = "Bill division", "Bill division\Bill division.csproj", "{457D98E1-3D41-49D8-916E-1EEEC4ACF032}"
EndProject
Project("{FAE04EC0-301F-11D3-BF4B-00C04F79EFBC}") = "String ocurrences", "String ocurrences\String ocurrences.csproj", "{71826D44-16CF-4C7E-A4BA-34FB370E75D6}"
EndProject
Project("{FAE04EC0-301F-11D3-BF4B-00C04F79EFBC}") = "Counting Valleys", "Counting Valleys\Counting Valleys.csproj", "{CD1F0C22-E5DB-48D1-99F2-F4CC2F858939}"
EndProject
Project("{FAE04EC0-301F-11D3-BF4B-00C04F79EFBC}") = "30 Days of Code", "30 Days of Code\30 Days of Code.csproj", "{EE6E41A3-088F-45D4-ADAA-1D90D3C59255}"
EndProject
Global
	GlobalSection(SolutionConfigurationPlatforms) = preSolution
		Debug|Any CPU = Debug|Any CPU
		Release|Any CPU = Release|Any CPU
	EndGlobalSection
	GlobalSection(ProjectConfigurationPlatforms) = postSolution
		{40E1EDD3-0A68-43D4-B163-64DC2B7E2238}.Debug|Any CPU.ActiveCfg = Debug|Any CPU
		{40E1EDD3-0A68-43D4-B163-64DC2B7E2238}.Debug|Any CPU.Build.0 = Debug|Any CPU
		{40E1EDD3-0A68-43D4-B163-64DC2B7E2238}.Release|Any CPU.ActiveCfg = Release|Any CPU
		{40E1EDD3-0A68-43D4-B163-64DC2B7E2238}.Release|Any CPU.Build.0 = Release|Any CPU
		{457D98E1-3D41-49D8-916E-1EEEC4ACF032}.Debug|Any CPU.ActiveCfg = Debug|Any CPU
		{457D98E1-3D41-49D8-916E-1EEEC4ACF032}.Debug|Any CPU.Build.0 = Debug|Any CPU
		{457D98E1-3D41-49D8-916E-1EEEC4ACF032}.Release|Any CPU.ActiveCfg = Release|Any CPU
		{457D98E1-3D41-49D8-916E-1EEEC4ACF032}.Release|Any CPU.Build.0 = Release|Any CPU
		{71826D44-16CF-4C7E-A4BA-34FB370E75D6}.Debug|Any CPU.ActiveCfg = Debug|Any CPU
		{71826D44-16CF-4C7E-A4BA-34FB370E75D6}.Debug|Any CPU.Build.0 = Debug|Any CPU
		{71826D44-16CF-4C7E-A4BA-34FB370E75D6}.Release|Any CPU.ActiveCfg = Release|Any CPU
		{71826D44-16CF-4C7E-A4BA-34FB370E75D6}.Release|Any CPU.Build.0 = Release|Any CPU
		{CD1F0C22-E5DB-48D1-99F2-F4CC2F858939}.Debug|Any CPU.ActiveCfg = Debug|Any CPU
		{CD1F0C22-E5DB-48D1-99F2-F4CC2F858939}.Debug|Any CPU.Build.0 = Debug|Any CPU
		{CD1F0C22-E5DB-48D1-99F2-F4CC2F858939}.Release|Any CPU.ActiveCfg = Release|Any CPU
		{CD1F0C22-E5DB-48D1-99F2-F4CC2F858939}.Release|Any CPU.Build.0 = Release|Any CPU
		{EE6E41A3-088F-45D4-ADAA-1D90D3C59255}.Debug|Any CPU.ActiveCfg = Debug|Any CPU
		{EE6E41A3-088F-45D4-ADAA-1D90D3C59255}.Debug|Any CPU.Build.0 = Debug|Any CPU
		{EE6E41A3-088F-45D4-ADAA-1D90D3C59255}.Release|Any CPU.ActiveCfg = Release|Any CPU
		{EE6E41A3-088F-45D4-ADAA-1D90D3C59255}.Release|Any CPU.Build.0 = Release|Any CPU
	EndGlobalSection
	GlobalSection(SolutionProperties) = preSolution
		HideSolutionNode = FALSE
	EndGlobalSection
	GlobalSection(ExtensibilityGlobals) = postSolution
		SolutionGuid = {4181D482-9F5E-49C0-9EDD-C438263F76C4}
	EndGlobalSection
EndGlobal
